
Microsoft Visual Studio Solution File, Format Version 12.00
# Visual Studio Version 17
VisualStudioVersion = 17.11.35222.181
MinimumVisualStudioVersion = 10.0.40219.1
Project("{2150E333-8FDC-42A3-9474-1A3956D46DE8}") = "srsc", "srsc", "{2CFEB5E1-08CA-4150-8A41-D0ADFE00B111}"
EndProject
Project("{2150E333-8FDC-42A3-9474-1A3956D46DE8}") = "test", "test", "{DC7DFE98-765E-4D33-801A-726A84D8E986}"
EndProject
Project("{2150E333-8FDC-42A3-9474-1A3956D46DE8}") = "Adapters", "Adapters", "{A278995D-0FEB-4A0E-B8AC-AAE7D8552CB3}"
EndProject
Project("{2150E333-8FDC-42A3-9474-1A3956D46DE8}") = "Core", "Core", "{4010E6CB-FA15-43A7-A075-7A9EED5C8EDE}"
EndProject
Project("{2150E333-8FDC-42A3-9474-1A3956D46DE8}") = "Driven", "Driven", "{33BC6073-BD1D-4C6F-B8A6-F1B65B8880A6}"
EndProject
Project("{2150E333-8FDC-42A3-9474-1A3956D46DE8}") = "Driving", "Driving", "{033AC648-C63F-49D0-9728-50F91C2441DB}"
EndProject
Project("{2150E333-8FDC-42A3-9474-1A3956D46DE8}") = "Application", "Application", "{AA8204D8-36DE-4BFD-8DB1-AB31E698FCA8}"
EndProject
Project("{2150E333-8FDC-42A3-9474-1A3956D46DE8}") = "Domain", "Domain", "{4DE22181-27F2-4BEF-9594-A3F1F277EADD}"
EndProject
Project("{9A19103F-16F7-4668-BE54-9A1E7A4F7556}") = "FM.WebApi", "src\Adapters\Driving\FM.WebApi\FM.WebApi.csproj", "{483D65A6-57A0-4A9B-AE81-892C61E65C37}"
EndProject
Project("{9A19103F-16F7-4668-BE54-9A1E7A4F7556}") = "FM.Infrastructure.SqlServer", "src\Adapters\Driven\FM.Infrastructure.SqlServer\FM.Infrastructure.SqlServer.csproj", "{62380E11-B752-4634-B253-65BA21720721}"
EndProject
Project("{9A19103F-16F7-4668-BE54-9A1E7A4F7556}") = "FM.Application", "src\Core\Application\FM.Application\FM.Application.csproj", "{DBC32791-73FA-4598-BE55-E80384073CC1}"
EndProject
Project("{9A19103F-16F7-4668-BE54-9A1E7A4F7556}") = "FM.Domain", "src\Core\Domain\FM.Domain\FM.Domain.csproj", "{C5D785FC-1F2A-40FD-BBA2-800B54E7925E}"
EndProject
Project("{FAE04EC0-301F-11D3-BF4B-00C04F79EFBC}") = "UnitTest", "test\UnitTest\UnitTest.csproj", "{88CE829C-714F-48CF-993B-20C2960090F5}"
EndProject
Global
	GlobalSection(SolutionConfigurationPlatforms) = preSolution
		Debug|Any CPU = Debug|Any CPU
		Release|Any CPU = Release|Any CPU
	EndGlobalSection
	GlobalSection(ProjectConfigurationPlatforms) = postSolution
		{483D65A6-57A0-4A9B-AE81-892C61E65C37}.Debug|Any CPU.ActiveCfg = Debug|Any CPU
		{483D65A6-57A0-4A9B-AE81-892C61E65C37}.Debug|Any CPU.Build.0 = Debug|Any CPU
		{483D65A6-57A0-4A9B-AE81-892C61E65C37}.Release|Any CPU.ActiveCfg = Release|Any CPU
		{483D65A6-57A0-4A9B-AE81-892C61E65C37}.Release|Any CPU.Build.0 = Release|Any CPU
		{62380E11-B752-4634-B253-65BA21720721}.Debug|Any CPU.ActiveCfg = Debug|Any CPU
		{62380E11-B752-4634-B253-65BA21720721}.Debug|Any CPU.Build.0 = Debug|Any CPU
		{62380E11-B752-4634-B253-65BA21720721}.Release|Any CPU.ActiveCfg = Release|Any CPU
		{62380E11-B752-4634-B253-65BA21720721}.Release|Any CPU.Build.0 = Release|Any CPU
		{DBC32791-73FA-4598-BE55-E80384073CC1}.Debug|Any CPU.ActiveCfg = Debug|Any CPU
		{DBC32791-73FA-4598-BE55-E80384073CC1}.Debug|Any CPU.Build.0 = Debug|Any CPU
		{DBC32791-73FA-4598-BE55-E80384073CC1}.Release|Any CPU.ActiveCfg = Release|Any CPU
		{DBC32791-73FA-4598-BE55-E80384073CC1}.Release|Any CPU.Build.0 = Release|Any CPU
		{C5D785FC-1F2A-40FD-BBA2-800B54E7925E}.Debug|Any CPU.ActiveCfg = Debug|Any CPU
		{C5D785FC-1F2A-40FD-BBA2-800B54E7925E}.Debug|Any CPU.Build.0 = Debug|Any CPU
		{C5D785FC-1F2A-40FD-BBA2-800B54E7925E}.Release|Any CPU.ActiveCfg = Release|Any CPU
		{C5D785FC-1F2A-40FD-BBA2-800B54E7925E}.Release|Any CPU.Build.0 = Release|Any CPU
		{88CE829C-714F-48CF-993B-20C2960090F5}.Debug|Any CPU.ActiveCfg = Debug|Any CPU
		{88CE829C-714F-48CF-993B-20C2960090F5}.Debug|Any CPU.Build.0 = Debug|Any CPU
		{88CE829C-714F-48CF-993B-20C2960090F5}.Release|Any CPU.ActiveCfg = Release|Any CPU
		{88CE829C-714F-48CF-993B-20C2960090F5}.Release|Any CPU.Build.0 = Release|Any CPU
	EndGlobalSection
	GlobalSection(SolutionProperties) = preSolution
		HideSolutionNode = FALSE
	EndGlobalSection
	GlobalSection(NestedProjects) = preSolution
		{A278995D-0FEB-4A0E-B8AC-AAE7D8552CB3} = {2CFEB5E1-08CA-4150-8A41-D0ADFE00B111}
		{4010E6CB-FA15-43A7-A075-7A9EED5C8EDE} = {2CFEB5E1-08CA-4150-8A41-D0ADFE00B111}
		{33BC6073-BD1D-4C6F-B8A6-F1B65B8880A6} = {A278995D-0FEB-4A0E-B8AC-AAE7D8552CB3}
		{033AC648-C63F-49D0-9728-50F91C2441DB} = {A278995D-0FEB-4A0E-B8AC-AAE7D8552CB3}
		{AA8204D8-36DE-4BFD-8DB1-AB31E698FCA8} = {4010E6CB-FA15-43A7-A075-7A9EED5C8EDE}
		{4DE22181-27F2-4BEF-9594-A3F1F277EADD} = {4010E6CB-FA15-43A7-A075-7A9EED5C8EDE}
		{483D65A6-57A0-4A9B-AE81-892C61E65C37} = {033AC648-C63F-49D0-9728-50F91C2441DB}
		{62380E11-B752-4634-B253-65BA21720721} = {33BC6073-BD1D-4C6F-B8A6-F1B65B8880A6}
		{DBC32791-73FA-4598-BE55-E80384073CC1} = {AA8204D8-36DE-4BFD-8DB1-AB31E698FCA8}
		{C5D785FC-1F2A-40FD-BBA2-800B54E7925E} = {4DE22181-27F2-4BEF-9594-A3F1F277EADD}
		{88CE829C-714F-48CF-993B-20C2960090F5} = {DC7DFE98-765E-4D33-801A-726A84D8E986}
	EndGlobalSection
	GlobalSection(ExtensibilityGlobals) = postSolution
		SolutionGuid = {86A9C9DE-26D7-40D9-85DC-332B424703C4}
	EndGlobalSection
EndGlobal
